// !$*UTF8*$!
{
	archiveVersion = 1;
	classes = {
	};
	objectVersion = 46;
	objects = {

/* Begin PBXBuildFile section */
		204AF3EB1F54713400662CA8 /* PopAnimator.swift in Sources */ = {isa = PBXBuildFile; fileRef = 204AF3EA1F54713400662CA8 /* PopAnimator.swift */; };
		205E40691F4DEF3700E3D369 /* AppDelegate.swift in Sources */ = {isa = PBXBuildFile; fileRef = 205E40681F4DEF3700E3D369 /* AppDelegate.swift */; };
		205E406B1F4DEF3700E3D369 /* ViewController.swift in Sources */ = {isa = PBXBuildFile; fileRef = 205E406A1F4DEF3700E3D369 /* ViewController.swift */; };
		205E406E1F4DEF3700E3D369 /* Main.storyboard in Resources */ = {isa = PBXBuildFile; fileRef = 205E406C1F4DEF3700E3D369 /* Main.storyboard */; };
		205E40701F4DEF3700E3D369 /* Assets.xcassets in Resources */ = {isa = PBXBuildFile; fileRef = 205E406F1F4DEF3700E3D369 /* Assets.xcassets */; };
		205E40731F4DEF3700E3D369 /* LaunchScreen.storyboard in Resources */ = {isa = PBXBuildFile; fileRef = 205E40711F4DEF3700E3D369 /* LaunchScreen.storyboard */; };
		205E407B1F4E019200E3D369 /* APIController.swift in Sources */ = {isa = PBXBuildFile; fileRef = 205E407A1F4E019200E3D369 /* APIController.swift */; };
		205E407D1F520C4F00E3D369 /* Post.swift in Sources */ = {isa = PBXBuildFile; fileRef = 205E407C1F520C4F00E3D369 /* Post.swift */; };
		205E407F1F533E2A00E3D369 /* Blank52.png in Resources */ = {isa = PBXBuildFile; fileRef = 205E407E1F533E2A00E3D369 /* Blank52.png */; };
		205E40831F5340AB00E3D369 /* PostDetailViewController.swift in Sources */ = {isa = PBXBuildFile; fileRef = 205E40821F5340AB00E3D369 /* PostDetailViewController.swift */; };
		205E40861F5348B600E3D369 /* PostCell.swift in Sources */ = {isa = PBXBuildFile; fileRef = 205E40841F5348B600E3D369 /* PostCell.swift */; };
		205E40871F5348B600E3D369 /* PostCell.xib in Resources */ = {isa = PBXBuildFile; fileRef = 205E40851F5348B600E3D369 /* PostCell.xib */; };
		B35A92C923F7E65C5D290F82 /* Pods_VimvestApp.framework in Frameworks */ = {isa = PBXBuildFile; fileRef = F9EF242B43ACF50D3B823E64 /* Pods_VimvestApp.framework */; };
/* End PBXBuildFile section */

/* Begin PBXFileReference section */
		204AF3EA1F54713400662CA8 /* PopAnimator.swift */ = {isa = PBXFileReference; fileEncoding = 4; lastKnownFileType = sourcecode.swift; path = PopAnimator.swift; sourceTree = "<group>"; };
		205E40651F4DEF3700E3D369 /* VimvestApp.app */ = {isa = PBXFileReference; explicitFileType = wrapper.application; includeInIndex = 0; path = VimvestApp.app; sourceTree = BUILT_PRODUCTS_DIR; };
		205E40681F4DEF3700E3D369 /* AppDelegate.swift */ = {isa = PBXFileReference; lastKnownFileType = sourcecode.swift; path = AppDelegate.swift; sourceTree = "<group>"; };
		205E406A1F4DEF3700E3D369 /* ViewController.swift */ = {isa = PBXFileReference; lastKnownFileType = sourcecode.swift; path = ViewController.swift; sourceTree = "<group>"; };
		205E406D1F4DEF3700E3D369 /* Base */ = {isa = PBXFileReference; lastKnownFileType = file.storyboard; name = Base; path = Base.lproj/Main.storyboard; sourceTree = "<group>"; };
		205E406F1F4DEF3700E3D369 /* Assets.xcassets */ = {isa = PBXFileReference; lastKnownFileType = folder.assetcatalog; path = Assets.xcassets; sourceTree = "<group>"; };
		205E40721F4DEF3700E3D369 /* Base */ = {isa = PBXFileReference; lastKnownFileType = file.storyboard; name = Base; path = Base.lproj/LaunchScreen.storyboard; sourceTree = "<group>"; };
		205E40741F4DEF3700E3D369 /* Info.plist */ = {isa = PBXFileReference; lastKnownFileType = text.plist.xml; path = Info.plist; sourceTree = "<group>"; };
		205E407A1F4E019200E3D369 /* APIController.swift */ = {isa = PBXFileReference; fileEncoding = 4; lastKnownFileType = sourcecode.swift; path = APIController.swift; sourceTree = "<group>"; };
		205E407C1F520C4F00E3D369 /* Post.swift */ = {isa = PBXFileReference; fileEncoding = 4; lastKnownFileType = sourcecode.swift; path = Post.swift; sourceTree = "<group>"; };
		205E407E1F533E2A00E3D369 /* Blank52.png */ = {isa = PBXFileReference; lastKnownFileType = image.png; path = Blank52.png; sourceTree = "<group>"; };
		205E40821F5340AB00E3D369 /* PostDetailViewController.swift */ = {isa = PBXFileReference; fileEncoding = 4; lastKnownFileType = sourcecode.swift; path = PostDetailViewController.swift; sourceTree = "<group>"; };
		205E40841F5348B600E3D369 /* PostCell.swift */ = {isa = PBXFileReference; fileEncoding = 4; lastKnownFileType = sourcecode.swift; path = PostCell.swift; sourceTree = "<group>"; };
		205E40851F5348B600E3D369 /* PostCell.xib */ = {isa = PBXFileReference; fileEncoding = 4; lastKnownFileType = file.xib; path = PostCell.xib; sourceTree = "<group>"; };
		4D87227C3E1A2A7B9CEB6D70 /* Pods-VimvestApp.release.xcconfig */ = {isa = PBXFileReference; includeInIndex = 1; lastKnownFileType = text.xcconfig; name = "Pods-VimvestApp.release.xcconfig"; path = "Pods/Target Support Files/Pods-VimvestApp/Pods-VimvestApp.release.xcconfig"; sourceTree = "<group>"; };
		5459BCE0E68B06357E692ADB /* Pods-VimvestApp.debug.xcconfig */ = {isa = PBXFileReference; includeInIndex = 1; lastKnownFileType = text.xcconfig; name = "Pods-VimvestApp.debug.xcconfig"; path = "Pods/Target Support Files/Pods-VimvestApp/Pods-VimvestApp.debug.xcconfig"; sourceTree = "<group>"; };
		F9EF242B43ACF50D3B823E64 /* Pods_VimvestApp.framework */ = {isa = PBXFileReference; explicitFileType = wrapper.framework; includeInIndex = 0; path = Pods_VimvestApp.framework; sourceTree = BUILT_PRODUCTS_DIR; };
/* End PBXFileReference section */

/* Begin PBXFrameworksBuildPhase section */
		205E40621F4DEF3700E3D369 /* Frameworks */ = {
			isa = PBXFrameworksBuildPhase;
			buildActionMask = 2147483647;
			files = (
				B35A92C923F7E65C5D290F82 /* Pods_VimvestApp.framework in Frameworks */,
			);
			runOnlyForDeploymentPostprocessing = 0;
		};
/* End PBXFrameworksBuildPhase section */

/* Begin PBXGroup section */
		205E405C1F4DEF3600E3D369 = {
			isa = PBXGroup;
			children = (
				205E40671F4DEF3700E3D369 /* VimvestApp */,
				205E40661F4DEF3700E3D369 /* Products */,
				3580AF3AD6625C60B7A6D672 /* Pods */,
				96814152AA0704ABA8E71CAF /* Frameworks */,
			);
			sourceTree = "<group>";
		};
		205E40661F4DEF3700E3D369 /* Products */ = {
			isa = PBXGroup;
			children = (
				205E40651F4DEF3700E3D369 /* VimvestApp.app */,
			);
			name = Products;
			sourceTree = "<group>";
		};
		205E40671F4DEF3700E3D369 /* VimvestApp */ = {
			isa = PBXGroup;
			children = (
				205E40681F4DEF3700E3D369 /* AppDelegate.swift */,
				205E407E1F533E2A00E3D369 /* Blank52.png */,
				205E406A1F4DEF3700E3D369 /* ViewController.swift */,
				204AF3EA1F54713400662CA8 /* PopAnimator.swift */,
				205E40821F5340AB00E3D369 /* PostDetailViewController.swift */,
				205E40841F5348B600E3D369 /* PostCell.swift */,
				205E40851F5348B600E3D369 /* PostCell.xib */,
				205E407A1F4E019200E3D369 /* APIController.swift */,
				205E407C1F520C4F00E3D369 /* Post.swift */,
				205E406C1F4DEF3700E3D369 /* Main.storyboard */,
				205E406F1F4DEF3700E3D369 /* Assets.xcassets */,
				205E40711F4DEF3700E3D369 /* LaunchScreen.storyboard */,
				205E40741F4DEF3700E3D369 /* Info.plist */,
			);
			path = VimvestApp;
			sourceTree = "<group>";
		};
		3580AF3AD6625C60B7A6D672 /* Pods */ = {
			isa = PBXGroup;
			children = (
				5459BCE0E68B06357E692ADB /* Pods-VimvestApp.debug.xcconfig */,
				4D87227C3E1A2A7B9CEB6D70 /* Pods-VimvestApp.release.xcconfig */,
			);
			name = Pods;
			sourceTree = "<group>";
		};
		96814152AA0704ABA8E71CAF /* Frameworks */ = {
			isa = PBXGroup;
			children = (
				F9EF242B43ACF50D3B823E64 /* Pods_VimvestApp.framework */,
			);
			name = Frameworks;
			sourceTree = "<group>";
		};
/* End PBXGroup section */

/* Begin PBXNativeTarget section */
		205E40641F4DEF3700E3D369 /* VimvestApp */ = {
			isa = PBXNativeTarget;
			buildConfigurationList = 205E40771F4DEF3700E3D369 /* Build configuration list for PBXNativeTarget "VimvestApp" */;
			buildPhases = (
				9838033A56A2BC751B5236B8 /* [CP] Check Pods Manifest.lock */,
				205E40611F4DEF3700E3D369 /* Sources */,
				205E40621F4DEF3700E3D369 /* Frameworks */,
				205E40631F4DEF3700E3D369 /* Resources */,
				6896E4EE6DC4CCD73CA40E74 /* [CP] Embed Pods Frameworks */,
				8CD1A4D492B4C5F6E2F171D7 /* [CP] Copy Pods Resources */,
			);
			buildRules = (
			);
			dependencies = (
			);
			name = VimvestApp;
			productName = VimvestApp;
			productReference = 205E40651F4DEF3700E3D369 /* VimvestApp.app */;
			productType = "com.apple.product-type.application";
		};
/* End PBXNativeTarget section */

/* Begin PBXProject section */
		205E405D1F4DEF3600E3D369 /* Project object */ = {
			isa = PBXProject;
			attributes = {
				LastSwiftUpdateCheck = 0830;
				LastUpgradeCheck = 0830;
				ORGANIZATIONNAME = "Timothy Hang";
				TargetAttributes = {
					205E40641F4DEF3700E3D369 = {
						CreatedOnToolsVersion = 8.3.3;
						DevelopmentTeam = 852TDXMVWN;
						ProvisioningStyle = Automatic;
					};
				};
			};
			buildConfigurationList = 205E40601F4DEF3600E3D369 /* Build configuration list for PBXProject "VimvestApp" */;
			compatibilityVersion = "Xcode 3.2";
			developmentRegion = English;
			hasScannedForEncodings = 0;
			knownRegions = (
				en,
				Base,
			);
			mainGroup = 205E405C1F4DEF3600E3D369;
			productRefGroup = 205E40661F4DEF3700E3D369 /* Products */;
			projectDirPath = "";
			projectRoot = "";
			targets = (
				205E40641F4DEF3700E3D369 /* VimvestApp */,
			);
		};
/* End PBXProject section */

/* Begin PBXResourcesBuildPhase section */
		205E40631F4DEF3700E3D369 /* Resources */ = {
			isa = PBXResourcesBuildPhase;
			buildActionMask = 2147483647;
			files = (
				205E40731F4DEF3700E3D369 /* LaunchScreen.storyboard in Resources */,
				205E407F1F533E2A00E3D369 /* Blank52.png in Resources */,
				205E40871F5348B600E3D369 /* PostCell.xib in Resources */,
				205E40701F4DEF3700E3D369 /* Assets.xcassets in Resources */,
				205E406E1F4DEF3700E3D369 /* Main.storyboard in Resources */,
			);
			runOnlyForDeploymentPostprocessing = 0;
		};
/* End PBXResourcesBuildPhase section */

/* Begin PBXShellScriptBuildPhase section */
		6896E4EE6DC4CCD73CA40E74 /* [CP] Embed Pods Frameworks */ = {
			isa = PBXShellScriptBuildPhase;
			buildActionMask = 2147483647;
			files = (
			);
			inputPaths = (
			);
			name = "[CP] Embed Pods Frameworks";
			outputPaths = (
			);
			runOnlyForDeploymentPostprocessing = 0;
			shellPath = /bin/sh;
			shellScript = "\"${SRCROOT}/Pods/Target Support Files/Pods-VimvestApp/Pods-VimvestApp-frameworks.sh\"\n";
			showEnvVarsInLog = 0;
		};
		8CD1A4D492B4C5F6E2F171D7 /* [CP] Copy Pods Resources */ = {
			isa = PBXShellScriptBuildPhase;
			buildActionMask = 2147483647;
			files = (
			);
			inputPaths = (
			);
			name = "[CP] Copy Pods Resources";
			outputPaths = (
			);
			runOnlyForDeploymentPostprocessing = 0;
			shellPath = /bin/sh;
			shellScript = "\"${SRCROOT}/Pods/Target Support Files/Pods-VimvestApp/Pods-VimvestApp-resources.sh\"\n";
			showEnvVarsInLog = 0;
		};
		9838033A56A2BC751B5236B8 /* [CP] Check Pods Manifest.lock */ = {
			isa = PBXShellScriptBuildPhase;
			buildActionMask = 2147483647;
			files = (
			);
			inputPaths = (
			);
			name = "[CP] Check Pods Manifest.lock";
			outputPaths = (
			);
			runOnlyForDeploymentPostprocessing = 0;
			shellPath = /bin/sh;
			shellScript = "diff \"${PODS_PODFILE_DIR_PATH}/Podfile.lock\" \"${PODS_ROOT}/Manifest.lock\" > /dev/null\nif [ $? != 0 ] ; then\n    # print error to STDERR\n    echo \"error: The sandbox is not in sync with the Podfile.lock. Run 'pod install' or update your CocoaPods installation.\" >&2\n    exit 1\nfi\n";
			showEnvVarsInLog = 0;
		};
/* End PBXShellScriptBuildPhase section */

/* Begin PBXSourcesBuildPhase section */
		205E40611F4DEF3700E3D369 /* Sources */ = {
			isa = PBXSourcesBuildPhase;
			buildActionMask = 2147483647;
			files = (
				204AF3EB1F54713400662CA8 /* PopAnimator.swift in Sources */,
				205E406B1F4DEF3700E3D369 /* ViewController.swift in Sources */,
				205E40691F4DEF3700E3D369 /* AppDelegate.swift in Sources */,
				205E40831F5340AB00E3D369 /* PostDetailViewController.swift in Sources */,
				205E407B1F4E019200E3D369 /* APIController.swift in Sources */,
				205E407D1F520C4F00E3D369 /* Post.swift in Sources */,
				205E40861F5348B600E3D369 /* PostCell.swift in Sources */,
			);
			runOnlyForDeploymentPostprocessing = 0;
		};
/* End PBXSourcesBuildPhase section */

/* Begin PBXVariantGroup section */
		205E406C1F4DEF3700E3D369 /* Main.storyboard */ = {
			isa = PBXVariantGroup;
			children = (
				205E406D1F4DEF3700E3D369 /* Base */,
			);
			name = Main.storyboard;
			sourceTree = "<group>";
		};
		205E40711F4DEF3700E3D369 /* LaunchScreen.storyboard */ = {
			isa = PBXVariantGroup;
			children = (
				205E40721F4DEF3700E3D369 /* Base */,
			);
			name = LaunchScreen.storyboard;
			sourceTree = "<group>";
		};
/* End PBXVariantGroup section */

/* Begin XCBuildConfiguration section */
		205E40751F4DEF3700E3D369 /* Debug */ = {
			isa = XCBuildConfiguration;
			buildSettings = {
				ALWAYS_SEARCH_USER_PATHS = NO;
				CLANG_ANALYZER_NONNULL = YES;
				CLANG_ANALYZER_NUMBER_OBJECT_CONVERSION = YES_AGGRESSIVE;
				CLANG_CXX_LANGUAGE_STANDARD = "gnu++0x";
				CLANG_CXX_LIBRARY = "libc++";
				CLANG_ENABLE_MODULES = YES;
				CLANG_ENABLE_OBJC_ARC = YES;
				CLANG_WARN_BOOL_CONVERSION = YES;
				CLANG_WARN_CONSTANT_CONVERSION = YES;
				CLANG_WARN_DIRECT_OBJC_ISA_USAGE = YES_ERROR;
				CLANG_WARN_DOCUMENTATION_COMMENTS = YES;
				CLANG_WARN_EMPTY_BODY = YES;
				CLANG_WARN_ENUM_CONVERSION = YES;
				CLANG_WARN_INFINITE_RECURSION = YES;
				CLANG_WARN_INT_CONVERSION = YES;
				CLANG_WARN_OBJC_ROOT_CLASS = YES_ERROR;
				CLANG_WARN_SUSPICIOUS_MOVE = YES;
				CLANG_WARN_UNREACHABLE_CODE = YES;
				CLANG_WARN__DUPLICATE_METHOD_MATCH = YES;
				"CODE_SIGN_IDENTITY[sdk=iphoneos*]" = "iPhone Developer";
				COPY_PHASE_STRIP = NO;
				DEBUG_INFORMATION_FORMAT = dwarf;
				ENABLE_STRICT_OBJC_MSGSEND = YES;
				ENABLE_TESTABILITY = YES;
				GCC_C_LANGUAGE_STANDARD = gnu99;
				GCC_DYNAMIC_NO_PIC = NO;
				GCC_NO_COMMON_BLOCKS = YES;
				GCC_OPTIMIZATION_LEVEL = 0;
				GCC_PREPROCESSOR_DEFINITIONS = (
					"DEBUG=1",
					"$(inherited)",
				);
				GCC_WARN_64_TO_32_BIT_CONVERSION = YES;
				GCC_WARN_ABOUT_RETURN_TYPE = YES_ERROR;
				GCC_WARN_UNDECLARED_SELECTOR = YES;
				GCC_WARN_UNINITIALIZED_AUTOS = YES_AGGRESSIVE;
				GCC_WARN_UNUSED_FUNCTION = YES;
				GCC_WARN_UNUSED_VARIABLE = YES;
				IPHONEOS_DEPLOYMENT_TARGET = 10.3;
				MTL_ENABLE_DEBUG_INFO = YES;
				ONLY_ACTIVE_ARCH = YES;
				SDKROOT = iphoneos;
				SWIFT_ACTIVE_COMPILATION_CONDITIONS = DEBUG;
				SWIFT_OPTIMIZATION_LEVEL = "-Onone";
			};
			name = Debug;
		};
		205E40761F4DEF3700E3D369 /* Release */ = {
			isa = XCBuildConfiguration;
			buildSettings = {
				ALWAYS_SEARCH_USER_PATHS = NO;
				CLANG_ANALYZER_NONNULL = YES;
				CLANG_ANALYZER_NUMBER_OBJECT_CONVERSION = YES_AGGRESSIVE;
				CLANG_CXX_LANGUAGE_STANDARD = "gnu++0x";
				CLANG_CXX_LIBRARY = "libc++";
				CLANG_ENABLE_MODULES = YES;
				CLANG_ENABLE_OBJC_ARC = YES;
				CLANG_WARN_BOOL_CONVERSION = YES;
				CLANG_WARN_CONSTANT_CONVERSION = YES;
				CLANG_WARN_DIRECT_OBJC_ISA_USAGE = YES_ERROR;
				CLANG_WARN_DOCUMENTATION_COMMENTS = YES;
				CLANG_WARN_EMPTY_BODY = YES;
				CLANG_WARN_ENUM_CONVERSION = YES;
				CLANG_WARN_INFINITE_RECURSION = YES;
				CLANG_WARN_INT_CONVERSION = YES;
				CLANG_WARN_OBJC_ROOT_CLASS = YES_ERROR;
				CLANG_WARN_SUSPICIOUS_MOVE = YES;
				CLANG_WARN_UNREACHABLE_CODE = YES;
				CLANG_WARN__DUPLICATE_METHOD_MATCH = YES;
				"CODE_SIGN_IDENTITY[sdk=iphoneos*]" = "iPhone Developer";
				COPY_PHASE_STRIP = NO;
				DEBUG_INFORMATION_FORMAT = "dwarf-with-dsym";
				ENABLE_NS_ASSERTIONS = NO;
				ENABLE_STRICT_OBJC_MSGSEND = YES;
				GCC_C_LANGUAGE_STANDARD = gnu99;
				GCC_NO_COMMON_BLOCKS = YES;
				GCC_WARN_64_TO_32_BIT_CONVERSION = YES;
				GCC_WARN_ABOUT_RETURN_TYPE = YES_ERROR;
				GCC_WARN_UNDECLARED_SELECTOR = YES;
				GCC_WARN_UNINITIALIZED_AUTOS = YES_AGGRESSIVE;
				GCC_WARN_UNUSED_FUNCTION = YES;
				GCC_WARN_UNUSED_VARIABLE = YES;
				IPHONEOS_DEPLOYMENT_TARGET = 10.3;
				MTL_ENABLE_DEBUG_INFO = NO;
				SDKROOT = iphoneos;
				SWIFT_OPTIMIZATION_LEVEL = "-Owholemodule";
				VALIDATE_PRODUCT = YES;
			};
			name = Release;
		};
		205E40781F4DEF3700E3D369 /* Debug */ = {
			isa = XCBuildConfiguration;
			baseConfigurationReference = 5459BCE0E68B06357E692ADB /* Pods-VimvestApp.debug.xcconfig */;
			buildSettings = {
				ASSETCATALOG_COMPILER_APPICON_NAME = AppIcon;
				DEVELOPMENT_TEAM = 852TDXMVWN;
				INFOPLIST_FILE = VimvestApp/Info.plist;
				LD_RUNPATH_SEARCH_PATHS = "$(inherited) @executable_path/Frameworks";
				PRODUCT_BUNDLE_IDENTIFIER = com.tiy.VimvestApp;
				PRODUCT_NAME = "$(TARGET_NAME)";
				SWIFT_VERSION = 3.0;
			};
			name = Debug;
		};
		205E40791F4DEF3700E3D369 /* Release */ = {
			isa = XCBuildConfiguration;
			baseConfigurationReference = 4D87227C3E1A2A7B9CEB6D70 /* Pods-VimvestApp.release.xcconfig */;
			buildSettings = {
				ASSETCATALOG_COMPILER_APPICON_NAME = AppIcon;
				DEVELOPMENT_TEAM = 852TDXMVWN;
				INFOPLIST_FILE = VimvestApp/Info.plist;
				LD_RUNPATH_SEARCH_PATHS = "$(inherited) @executable_path/Frameworks";
				PRODUCT_BUNDLE_IDENTIFIER = com.tiy.VimvestApp;
				PRODUCT_NAME = "$(TARGET_NAME)";
				SWIFT_VERSION = 3.0;
			};
			name = Release;
		};
/* End XCBuildConfiguration section */

/* Begin XCConfigurationList section */
		205E40601F4DEF3600E3D369 /* Build configuration list for PBXProject "VimvestApp" */ = {
			isa = XCConfigurationList;
			buildConfigurations = (
				205E40751F4DEF3700E3D369 /* Debug */,
				205E40761F4DEF3700E3D369 /* Release */,
			);
			defaultConfigurationIsVisible = 0;
			defaultConfigurationName = Release;
		};
		205E40771F4DEF3700E3D369 /* Build configuration list for PBXNativeTarget "VimvestApp" */ = {
			isa = XCConfigurationList;
			buildConfigurations = (
				205E40781F4DEF3700E3D369 /* Debug */,
				205E40791F4DEF3700E3D369 /* Release */,
			);
			defaultConfigurationIsVisible = 0;
			defaultConfigurationName = Release;
		};
/* End XCConfigurationList section */
	};
	rootObject = 205E405D1F4DEF3600E3D369 /* Project object */;
}
